<?xml version="1.0" encoding="utf-8"?>
<Project ToolsVersion="4.0" xmlns="http://schemas.microsoft.com/developer/msbuild/2003">
  <ItemGroup>
    <Filter Include="Source Files">
      <UniqueIdentifier>{4FC737F1-C7A5-4376-A066-2A32D752A2FF}</UniqueIdentifier>
      <Extensions>cpp;c;cc;cxx;def;odl;idl;hpj;bat;asm;asmx</Extensions>
    </Filter>
    <Filter Include="Header Files">
      <UniqueIdentifier>{93995380-89BD-4b04-88EB-625FBE52EBFB}</UniqueIdentifier>
      <Extensions>h;hh;hpp;hxx;hm;inl;inc;xsd</Extensions>
    </Filter>
    <Filter Include="Resource Files">
      <UniqueIdentifier>{67DA6AB6-F800-4c08-8B7A-83BB121AAD01}</UniqueIdentifier>
      <Extensions>rc;ico;cur;bmp;dlg;rc2;rct;bin;rgs;gif;jpg;jpeg;jpe;resx;tiff;tif;png;wav;mfcribbon-ms</Extensions>
    </Filter>
    <Filter Include="Source Files\P1">
      <UniqueIdentifier>{fd49f51e-dff2-4810-881e-39632b01492f}</UniqueIdentifier>
    </Filter>
    <Filter Include="Source Files\P2">
      <UniqueIdentifier>{9c309a1d-5270-48e6-89e2-aa93f305d408}</UniqueIdentifier>
    </Filter>
  </ItemGroup>
  <ItemGroup>
    <ClCompile Include="Link.c">
      <Filter>Source Files\P1</Filter>
    </ClCompile>
    <ClCompile Include="NodeStruct.c">
      <Filter>Source Files\P1</Filter>
    </ClCompile>
    <ClCompile Include="Main.c">
      <Filter>Source Files</Filter>
    </ClCompile>
    <ClCompile Include="ElemMethod.c">
      <Filter>Source Files\P2</Filter>
    </ClCompile>
    <ClCompile Include="ElemStruct.c">
      <Filter>Source Files\P2</Filter>
    </ClCompile>
  </ItemGroup>
  <ItemGroup>
    <ClInclude Include="ConstManager.h">
      <Filter>Header Files</Filter>
    </ClInclude>
  </ItemGroup>
</Project>